
Microsoft Visual Studio Solution File, Format Version 12.00
# Visual Studio Version 17
VisualStudioVersion = 17.7.34024.191
MinimumVisualStudioVersion = 10.0.40219.1
Project("{9A19103F-16F7-4668-BE54-9A1E7A4F7556}") = "Scryfall_Admin", "Scryfall-Admin\Scryfall_Admin.csproj", "{0B280264-9ED3-49CF-BC70-7A7ABDAFE7E4}"
EndProject
Project("{FAE04EC0-301F-11D3-BF4B-00C04F79EFBC}") = "Scryfall_Tests", "Scryfall_Tests\Scryfall_Tests.csproj", "{CFAA2769-84A3-40C0-A6C2-B16B86203016}"
EndProject
Global
	GlobalSection(SolutionConfigurationPlatforms) = preSolution
		Debug|Any CPU = Debug|Any CPU
		Release|Any CPU = Release|Any CPU
	EndGlobalSection
	GlobalSection(ProjectConfigurationPlatforms) = postSolution
		{0B280264-9ED3-49CF-BC70-7A7ABDAFE7E4}.Debug|Any CPU.ActiveCfg = Debug|Any CPU
		{0B280264-9ED3-49CF-BC70-7A7ABDAFE7E4}.Debug|Any CPU.Build.0 = Debug|Any CPU
		{0B280264-9ED3-49CF-BC70-7A7ABDAFE7E4}.Release|Any CPU.ActiveCfg = Release|Any CPU
		{0B280264-9ED3-49CF-BC70-7A7ABDAFE7E4}.Release|Any CPU.Build.0 = Release|Any CPU
		{CFAA2769-84A3-40C0-A6C2-B16B86203016}.Debug|Any CPU.ActiveCfg = Debug|Any CPU
		{CFAA2769-84A3-40C0-A6C2-B16B86203016}.Debug|Any CPU.Build.0 = Debug|Any CPU
		{CFAA2769-84A3-40C0-A6C2-B16B86203016}.Release|Any CPU.ActiveCfg = Release|Any CPU
		{CFAA2769-84A3-40C0-A6C2-B16B86203016}.Release|Any CPU.Build.0 = Release|Any CPU
	EndGlobalSection
	GlobalSection(SolutionProperties) = preSolution
		HideSolutionNode = FALSE
	EndGlobalSection
	GlobalSection(ExtensibilityGlobals) = postSolution
		SolutionGuid = {0DC662A1-2629-4B9B-A803-B59BB6A44E05}
	EndGlobalSection
EndGlobal
